
Microsoft Visual Studio Solution File, Format Version 12.00
# Visual Studio Version 17
VisualStudioVersion = 17.14.37216.2 d17.14
MinimumVisualStudioVersion = 10.0.40219.1
Project("{FAE04EC0-301F-11D3-BF4B-00C04F79EFBC}") = "TelegramBot", "TelegramBot\TelegramBot.csproj", "{81485C35-5AB3-491A-B530-488FC69B069A}"
EndProject
Global
	GlobalSection(SolutionConfigurationPlatforms) = preSolution
		Debug|Any CPU = Debug|Any CPU
		Release|Any CPU = Release|Any CPU
	EndGlobalSection
	GlobalSection(ProjectConfigurationPlatforms) = postSolution
		{81485C35-5AB3-491A-B530-488FC69B069A}.Debug|Any CPU.ActiveCfg = Debug|Any CPU
		{81485C35-5AB3-491A-B530-488FC69B069A}.Debug|Any CPU.Build.0 = Debug|Any CPU
		{81485C35-5AB3-491A-B530-488FC69B069A}.Release|Any CPU.ActiveCfg = Release|Any CPU
		{81485C35-5AB3-491A-B530-488FC69B069A}.Release|Any CPU.Build.0 = Release|Any CPU
	EndGlobalSection
	GlobalSection(SolutionProperties) = preSolution
		HideSolutionNode = FALSE
	EndGlobalSection
	GlobalSection(ExtensibilityGlobals) = postSolution
		SolutionGuid = {D1953D09-CE9D-40D8-8C75-592FC78AB2FF}
	EndGlobalSection
EndGlobal
